
Microsoft Visual Studio Solution File, Format Version 12.00
# Visual Studio Version 17
VisualStudioVersion = 17.2.32630.192
MinimumVisualStudioVersion = 10.0.40219.1
Project("{FAE04EC0-301F-11D3-BF4B-00C04F79EFBC}") = "MortCalc", "MortCalc\MortCalc.csproj", "{BB4D2CDC-7D45-4763-8F8B-905AE8FCC43C}"
EndProject
Global
	GlobalSection(SolutionConfigurationPlatforms) = preSolution
		Debug|Any CPU = Debug|Any CPU
		Release|Any CPU = Release|Any CPU
	EndGlobalSection
	GlobalSection(ProjectConfigurationPlatforms) = postSolution
		{BB4D2CDC-7D45-4763-8F8B-905AE8FCC43C}.Debug|Any CPU.ActiveCfg = Debug|Any CPU
		{BB4D2CDC-7D45-4763-8F8B-905AE8FCC43C}.Debug|Any CPU.Build.0 = Debug|Any CPU
		{BB4D2CDC-7D45-4763-8F8B-905AE8FCC43C}.Release|Any CPU.ActiveCfg = Release|Any CPU
		{BB4D2CDC-7D45-4763-8F8B-905AE8FCC43C}.Release|Any CPU.Build.0 = Release|Any CPU
	EndGlobalSection
	GlobalSection(SolutionProperties) = preSolution
		HideSolutionNode = FALSE
	EndGlobalSection
	GlobalSection(ExtensibilityGlobals) = postSolution
		SolutionGuid = {FEF9E16E-3612-4FA6-9B9F-BAA11185FF9E}
	EndGlobalSection
EndGlobal
